// !$*UTF8*$!
{
	archiveVersion = 1;
	classes = {
	};
	objectVersion = 52;
	objects = {

/* Begin PBXBuildFile section */
		83516B3C25FB77F00075BCA3 /* AdvertiseViewController.swift in Sources */ = {isa = PBXBuildFile; fileRef = 83516B3B25FB77F00075BCA3 /* AdvertiseViewController.swift */; };
		83AAA12025FF701F009DD113 /* CircleProgressView in Frameworks */ = {isa = PBXBuildFile; productRef = 83AAA11F25FF701F009DD113 /* CircleProgressView */; };
		83B3383325F8723E00CF92A5 /* BaseViewController.swift in Sources */ = {isa = PBXBuildFile; fileRef = 83B3383225F8723E00CF92A5 /* BaseViewController.swift */; };
		83B3383625F8769200CF92A5 /* CustomNavigationController.swift in Sources */ = {isa = PBXBuildFile; fileRef = 83B3383525F8769200CF92A5 /* CustomNavigationController.swift */; };
		AF8C0AD525F9F52B0070CC2C /* UIColor+Extension.swift in Sources */ = {isa = PBXBuildFile; fileRef = AF8C0AD325F9F52B0070CC2C /* UIColor+Extension.swift */; };
		AF8C0AD625F9F52B0070CC2C /* UIWindow+Extension.swift in Sources */ = {isa = PBXBuildFile; fileRef = AF8C0AD425F9F52B0070CC2C /* UIWindow+Extension.swift */; };
		AF8C0ADA25F9F5AD0070CC2C /* Constants.swift in Sources */ = {isa = PBXBuildFile; fileRef = AF8C0AD925F9F5AD0070CC2C /* Constants.swift */; };
		AFC4A6F925F91217001F574D /* UIImage+Extension.swift in Sources */ = {isa = PBXBuildFile; fileRef = AFC4A6F825F91217001F574D /* UIImage+Extension.swift */; };
		AFFB528725F2843D00AC950B /* AppDelegate.swift in Sources */ = {isa = PBXBuildFile; fileRef = AFFB528625F2843D00AC950B /* AppDelegate.swift */; };
		AFFB528B25F2843D00AC950B /* ViewController.swift in Sources */ = {isa = PBXBuildFile; fileRef = AFFB528A25F2843D00AC950B /* ViewController.swift */; };
		AFFB529025F2843E00AC950B /* Assets.xcassets in Resources */ = {isa = PBXBuildFile; fileRef = AFFB528F25F2843E00AC950B /* Assets.xcassets */; };
		AFFB529325F2843E00AC950B /* LaunchScreen.storyboard in Resources */ = {isa = PBXBuildFile; fileRef = AFFB529125F2843E00AC950B /* LaunchScreen.storyboard */; };
		AFFB52A025F288E900AC950B /* MainTabBarController.swift in Sources */ = {isa = PBXBuildFile; fileRef = AFFB529F25F288E900AC950B /* MainTabBarController.swift */; };
		AFFB52A525F28F8200AC950B /* HomeViewController.swift in Sources */ = {isa = PBXBuildFile; fileRef = AFFB52A425F28F8200AC950B /* HomeViewController.swift */; };
		AFFB52A925F28F9900AC950B /* CategoryViewController.swift in Sources */ = {isa = PBXBuildFile; fileRef = AFFB52A825F28F9900AC950B /* CategoryViewController.swift */; };
		AFFB52AC25F28FB400AC950B /* FoundViewController.swift in Sources */ = {isa = PBXBuildFile; fileRef = AFFB52AB25F28FB400AC950B /* FoundViewController.swift */; };
		AFFB52AF25F28FBB00AC950B /* CartViewController.swift in Sources */ = {isa = PBXBuildFile; fileRef = AFFB52AE25F28FBB00AC950B /* CartViewController.swift */; };
		AFFB52B225F28FC400AC950B /* MineViewController.swift in Sources */ = {isa = PBXBuildFile; fileRef = AFFB52B125F28FC400AC950B /* MineViewController.swift */; };
/* End PBXBuildFile section */

/* Begin PBXFileReference section */
		83516B3B25FB77F00075BCA3 /* AdvertiseViewController.swift */ = {isa = PBXFileReference; lastKnownFileType = sourcecode.swift; name = AdvertiseViewController.swift; path = JdApp/AdvertiseViewController.swift; sourceTree = SOURCE_ROOT; };
		83AAA11C25FF7018009DD113 /* CircleProgressView */ = {isa = PBXFileReference; lastKnownFileType = folder; name = CircleProgressView; path = ../../CircleProgressView; sourceTree = "<group>"; };
		83B3383225F8723E00CF92A5 /* BaseViewController.swift */ = {isa = PBXFileReference; lastKnownFileType = sourcecode.swift; path = BaseViewController.swift; sourceTree = "<group>"; };
		83B3383525F8769200CF92A5 /* CustomNavigationController.swift */ = {isa = PBXFileReference; lastKnownFileType = sourcecode.swift; path = CustomNavigationController.swift; sourceTree = "<group>"; };
		AF8C0AD325F9F52B0070CC2C /* UIColor+Extension.swift */ = {isa = PBXFileReference; fileEncoding = 4; lastKnownFileType = sourcecode.swift; path = "UIColor+Extension.swift"; sourceTree = "<group>"; };
		AF8C0AD425F9F52B0070CC2C /* UIWindow+Extension.swift */ = {isa = PBXFileReference; fileEncoding = 4; lastKnownFileType = sourcecode.swift; path = "UIWindow+Extension.swift"; sourceTree = "<group>"; };
		AF8C0AD925F9F5AD0070CC2C /* Constants.swift */ = {isa = PBXFileReference; lastKnownFileType = sourcecode.swift; path = Constants.swift; sourceTree = "<group>"; };
		AFC4A6F825F91217001F574D /* UIImage+Extension.swift */ = {isa = PBXFileReference; fileEncoding = 4; lastKnownFileType = sourcecode.swift; path = "UIImage+Extension.swift"; sourceTree = "<group>"; };
		AFFB528325F2843D00AC950B /* JDApp.app */ = {isa = PBXFileReference; explicitFileType = wrapper.application; includeInIndex = 0; path = JDApp.app; sourceTree = BUILT_PRODUCTS_DIR; };
		AFFB528625F2843D00AC950B /* AppDelegate.swift */ = {isa = PBXFileReference; lastKnownFileType = sourcecode.swift; path = AppDelegate.swift; sourceTree = "<group>"; };
		AFFB528A25F2843D00AC950B /* ViewController.swift */ = {isa = PBXFileReference; lastKnownFileType = sourcecode.swift; path = ViewController.swift; sourceTree = "<group>"; };
		AFFB528F25F2843E00AC950B /* Assets.xcassets */ = {isa = PBXFileReference; lastKnownFileType = folder.assetcatalog; path = Assets.xcassets; sourceTree = "<group>"; };
		AFFB529225F2843E00AC950B /* Base */ = {isa = PBXFileReference; lastKnownFileType = file.storyboard; name = Base; path = Base.lproj/LaunchScreen.storyboard; sourceTree = "<group>"; };
		AFFB529425F2843E00AC950B /* Info.plist */ = {isa = PBXFileReference; lastKnownFileType = text.plist.xml; path = Info.plist; sourceTree = "<group>"; };
		AFFB529F25F288E900AC950B /* MainTabBarController.swift */ = {isa = PBXFileReference; lastKnownFileType = sourcecode.swift; path = MainTabBarController.swift; sourceTree = "<group>"; };
		AFFB52A425F28F8200AC950B /* HomeViewController.swift */ = {isa = PBXFileReference; lastKnownFileType = sourcecode.swift; path = HomeViewController.swift; sourceTree = "<group>"; };
		AFFB52A825F28F9900AC950B /* CategoryViewController.swift */ = {isa = PBXFileReference; lastKnownFileType = sourcecode.swift; path = CategoryViewController.swift; sourceTree = "<group>"; };
		AFFB52AB25F28FB400AC950B /* FoundViewController.swift */ = {isa = PBXFileReference; lastKnownFileType = sourcecode.swift; path = FoundViewController.swift; sourceTree = "<group>"; };
		AFFB52AE25F28FBB00AC950B /* CartViewController.swift */ = {isa = PBXFileReference; lastKnownFileType = sourcecode.swift; path = CartViewController.swift; sourceTree = "<group>"; };
		AFFB52B125F28FC400AC950B /* MineViewController.swift */ = {isa = PBXFileReference; lastKnownFileType = sourcecode.swift; path = MineViewController.swift; sourceTree = "<group>"; };
/* End PBXFileReference section */

/* Begin PBXFrameworksBuildPhase section */
		AFFB528025F2843D00AC950B /* Frameworks */ = {
			isa = PBXFrameworksBuildPhase;
			buildActionMask = 2147483647;
			files = (
				83AAA12025FF701F009DD113 /* CircleProgressView in Frameworks */,
			);
			runOnlyForDeploymentPostprocessing = 0;
		};
/* End PBXFrameworksBuildPhase section */

/* Begin PBXGroup section */
		83AAA11E25FF701F009DD113 /* Frameworks */ = {
			isa = PBXGroup;
			children = (
			);
			name = Frameworks;
			sourceTree = "<group>";
		};
		83B3383025F86BA000CF92A5 /* BaseControllers */ = {
			isa = PBXGroup;
			children = (
				83B3383225F8723E00CF92A5 /* BaseViewController.swift */,
				83B3383525F8769200CF92A5 /* CustomNavigationController.swift */,
			);
			path = BaseControllers;
			sourceTree = "<group>";
		};
		AF8C0AD825F9F5910070CC2C /* Constants */ = {
			isa = PBXGroup;
			children = (
				AF8C0AD925F9F5AD0070CC2C /* Constants.swift */,
			);
			path = Constants;
			sourceTree = "<group>";
		};
		AFC4A6F725F911EF001F574D /* Extentions */ = {
			isa = PBXGroup;
			children = (
				AF8C0AD325F9F52B0070CC2C /* UIColor+Extension.swift */,
				AF8C0AD425F9F52B0070CC2C /* UIWindow+Extension.swift */,
				AFC4A6F825F91217001F574D /* UIImage+Extension.swift */,
			);
			path = Extentions;
			sourceTree = "<group>";
		};
		AFFB527A25F2843D00AC950B = {
			isa = PBXGroup;
			children = (
				AFFB528525F2843D00AC950B /* JDApp */,
				AFFB528425F2843D00AC950B /* Products */,
				83AAA11E25FF701F009DD113 /* Frameworks */,
			);
			sourceTree = "<group>";
		};
		AFFB528425F2843D00AC950B /* Products */ = {
			isa = PBXGroup;
			children = (
				AFFB528325F2843D00AC950B /* JDApp.app */,
			);
			name = Products;
			sourceTree = "<group>";
		};
		AFFB528525F2843D00AC950B /* JDApp */ = {
			isa = PBXGroup;
			children = (
				83AAA11C25FF7018009DD113 /* CircleProgressView */,
				AF8C0AD825F9F5910070CC2C /* Constants */,
				AFC4A6F725F911EF001F574D /* Extentions */,
				83B3383025F86BA000CF92A5 /* BaseControllers */,
				AFFB52A225F28F5B00AC950B /* ViewControllers */,
				AFFB529E25F287A400AC950B /* TabBarController */,
				AFFB528625F2843D00AC950B /* AppDelegate.swift */,
				AFFB528A25F2843D00AC950B /* ViewController.swift */,
				AFFB528F25F2843E00AC950B /* Assets.xcassets */,
				AFFB529125F2843E00AC950B /* LaunchScreen.storyboard */,
				AFFB529425F2843E00AC950B /* Info.plist */,
				83516B3B25FB77F00075BCA3 /* AdvertiseViewController.swift */,
			);
			path = JDApp;
			sourceTree = "<group>";
		};
		AFFB529E25F287A400AC950B /* TabBarController */ = {
			isa = PBXGroup;
			children = (
				AFFB529F25F288E900AC950B /* MainTabBarController.swift */,
			);
			path = TabBarController;
			sourceTree = "<group>";
		};
		AFFB52A225F28F5B00AC950B /* ViewControllers */ = {
			isa = PBXGroup;
			children = (
				AFFB52A425F28F8200AC950B /* HomeViewController.swift */,
				AFFB52A825F28F9900AC950B /* CategoryViewController.swift */,
				AFFB52AB25F28FB400AC950B /* FoundViewController.swift */,
				AFFB52AE25F28FBB00AC950B /* CartViewController.swift */,
				AFFB52B125F28FC400AC950B /* MineViewController.swift */,
			);
			path = ViewControllers;
			sourceTree = "<group>";
		};
/* End PBXGroup section */

/* Begin PBXNativeTarget section */
		AFFB528225F2843D00AC950B /* JDApp */ = {
			isa = PBXNativeTarget;
			buildConfigurationList = AFFB529725F2843E00AC950B /* Build configuration list for PBXNativeTarget "JDApp" */;
			buildPhases = (
				AFFB527F25F2843D00AC950B /* Sources */,
				AFFB528025F2843D00AC950B /* Frameworks */,
				AFFB528125F2843D00AC950B /* Resources */,
			);
			buildRules = (
			);
			dependencies = (
			);
			name = JDApp;
			packageProductDependencies = (
				83AAA11F25FF701F009DD113 /* CircleProgressView */,
			);
			productName = JDApp;
			productReference = AFFB528325F2843D00AC950B /* JDApp.app */;
			productType = "com.apple.product-type.application";
		};
/* End PBXNativeTarget section */

/* Begin PBXProject section */
		AFFB527B25F2843D00AC950B /* Project object */ = {
			isa = PBXProject;
			attributes = {
				LastSwiftUpdateCheck = 1240;
				LastUpgradeCheck = 1240;
				TargetAttributes = {
					AFFB528225F2843D00AC950B = {
						CreatedOnToolsVersion = 12.4;
					};
				};
			};
			buildConfigurationList = AFFB527E25F2843D00AC950B /* Build configuration list for PBXProject "JdApp" */;
			compatibilityVersion = "Xcode 9.3";
			developmentRegion = en;
			hasScannedForEncodings = 0;
			knownRegions = (
				en,
				Base,
			);
			mainGroup = AFFB527A25F2843D00AC950B;
			productRefGroup = AFFB528425F2843D00AC950B /* Products */;
			projectDirPath = "";
			projectRoot = "";
			targets = (
				AFFB528225F2843D00AC950B /* JDApp */,
			);
		};
/* End PBXProject section */

/* Begin PBXResourcesBuildPhase section */
		AFFB528125F2843D00AC950B /* Resources */ = {
			isa = PBXResourcesBuildPhase;
			buildActionMask = 2147483647;
			files = (
				AFFB529325F2843E00AC950B /* LaunchScreen.storyboard in Resources */,
				AFFB529025F2843E00AC950B /* Assets.xcassets in Resources */,
			);
			runOnlyForDeploymentPostprocessing = 0;
		};
/* End PBXResourcesBuildPhase section */

/* Begin PBXSourcesBuildPhase section */
		AFFB527F25F2843D00AC950B /* Sources */ = {
			isa = PBXSourcesBuildPhase;
			buildActionMask = 2147483647;
			files = (
				AFFB52A925F28F9900AC950B /* CategoryViewController.swift in Sources */,
				AFFB528B25F2843D00AC950B /* ViewController.swift in Sources */,
				AFFB52AF25F28FBB00AC950B /* CartViewController.swift in Sources */,
				AF8C0AD525F9F52B0070CC2C /* UIColor+Extension.swift in Sources */,
				AFFB52B225F28FC400AC950B /* MineViewController.swift in Sources */,
				AFFB528725F2843D00AC950B /* AppDelegate.swift in Sources */,
				83B3383325F8723E00CF92A5 /* BaseViewController.swift in Sources */,
				83B3383625F8769200CF92A5 /* CustomNavigationController.swift in Sources */,
				83516B3C25FB77F00075BCA3 /* AdvertiseViewController.swift in Sources */,
				AFFB52A025F288E900AC950B /* MainTabBarController.swift in Sources */,
				AFFB52A525F28F8200AC950B /* HomeViewController.swift in Sources */,
				AFC4A6F925F91217001F574D /* UIImage+Extension.swift in Sources */,
				AF8C0ADA25F9F5AD0070CC2C /* Constants.swift in Sources */,
				AFFB52AC25F28FB400AC950B /* FoundViewController.swift in Sources */,
				AF8C0AD625F9F52B0070CC2C /* UIWindow+Extension.swift in Sources */,
			);
			runOnlyForDeploymentPostprocessing = 0;
		};
/* End PBXSourcesBuildPhase section */

/* Begin PBXVariantGroup section */
		AFFB529125F2843E00AC950B /* LaunchScreen.storyboard */ = {
			isa = PBXVariantGroup;
			children = (
				AFFB529225F2843E00AC950B /* Base */,
			);
			name = LaunchScreen.storyboard;
			sourceTree = "<group>";
		};
/* End PBXVariantGroup section */

/* Begin XCBuildConfiguration section */
		AFFB529525F2843E00AC950B /* Debug */ = {
			isa = XCBuildConfiguration;
			buildSettings = {
				ALWAYS_SEARCH_USER_PATHS = NO;
				CLANG_ANALYZER_NONNULL = YES;
				CLANG_ANALYZER_NUMBER_OBJECT_CONVERSION = YES_AGGRESSIVE;
				CLANG_CXX_LANGUAGE_STANDARD = "gnu++14";
				CLANG_CXX_LIBRARY = "libc++";
				CLANG_ENABLE_MODULES = YES;
				CLANG_ENABLE_OBJC_ARC = YES;
				CLANG_ENABLE_OBJC_WEAK = YES;
				CLANG_WARN_BLOCK_CAPTURE_AUTORELEASING = YES;
				CLANG_WARN_BOOL_CONVERSION = YES;
				CLANG_WARN_COMMA = YES;
				CLANG_WARN_CONSTANT_CONVERSION = YES;
				CLANG_WARN_DEPRECATED_OBJC_IMPLEMENTATIONS = YES;
				CLANG_WARN_DIRECT_OBJC_ISA_USAGE = YES_ERROR;
				CLANG_WARN_DOCUMENTATION_COMMENTS = YES;
				CLANG_WARN_EMPTY_BODY = YES;
				CLANG_WARN_ENUM_CONVERSION = YES;
				CLANG_WARN_INFINITE_RECURSION = YES;
				CLANG_WARN_INT_CONVERSION = YES;
				CLANG_WARN_NON_LITERAL_NULL_CONVERSION = YES;
				CLANG_WARN_OBJC_IMPLICIT_RETAIN_SELF = YES;
				CLANG_WARN_OBJC_LITERAL_CONVERSION = YES;
				CLANG_WARN_OBJC_ROOT_CLASS = YES_ERROR;
				CLANG_WARN_QUOTED_INCLUDE_IN_FRAMEWORK_HEADER = YES;
				CLANG_WARN_RANGE_LOOP_ANALYSIS = YES;
				CLANG_WARN_STRICT_PROTOTYPES = YES;
				CLANG_WARN_SUSPICIOUS_MOVE = YES;
				CLANG_WARN_UNGUARDED_AVAILABILITY = YES_AGGRESSIVE;
				CLANG_WARN_UNREACHABLE_CODE = YES;
				CLANG_WARN__DUPLICATE_METHOD_MATCH = YES;
				COPY_PHASE_STRIP = NO;
				DEBUG_INFORMATION_FORMAT = dwarf;
				ENABLE_STRICT_OBJC_MSGSEND = YES;
				ENABLE_TESTABILITY = YES;
				GCC_C_LANGUAGE_STANDARD = gnu11;
				GCC_DYNAMIC_NO_PIC = NO;
				GCC_NO_COMMON_BLOCKS = YES;
				GCC_OPTIMIZATION_LEVEL = 0;
				GCC_PREPROCESSOR_DEFINITIONS = (
					"DEBUG=1",
					"$(inherited)",
				);
				GCC_WARN_64_TO_32_BIT_CONVERSION = YES;
				GCC_WARN_ABOUT_RETURN_TYPE = YES_ERROR;
				GCC_WARN_UNDECLARED_SELECTOR = YES;
				GCC_WARN_UNINITIALIZED_AUTOS = YES_AGGRESSIVE;
				GCC_WARN_UNUSED_FUNCTION = YES;
				GCC_WARN_UNUSED_VARIABLE = YES;
				IPHONEOS_DEPLOYMENT_TARGET = 14.4;
				MTL_ENABLE_DEBUG_INFO = INCLUDE_SOURCE;
				MTL_FAST_MATH = YES;
				ONLY_ACTIVE_ARCH = YES;
				SDKROOT = iphoneos;
				SWIFT_ACTIVE_COMPILATION_CONDITIONS = DEBUG;
				SWIFT_OPTIMIZATION_LEVEL = "-Onone";
			};
			name = Debug;
		};
		AFFB529625F2843E00AC950B /* Release */ = {
			isa = XCBuildConfiguration;
			buildSettings = {
				ALWAYS_SEARCH_USER_PATHS = NO;
				CLANG_ANALYZER_NONNULL = YES;
				CLANG_ANALYZER_NUMBER_OBJECT_CONVERSION = YES_AGGRESSIVE;
				CLANG_CXX_LANGUAGE_STANDARD = "gnu++14";
				CLANG_CXX_LIBRARY = "libc++";
				CLANG_ENABLE_MODULES = YES;
				CLANG_ENABLE_OBJC_ARC = YES;
				CLANG_ENABLE_OBJC_WEAK = YES;
				CLANG_WARN_BLOCK_CAPTURE_AUTORELEASING = YES;
				CLANG_WARN_BOOL_CONVERSION = YES;
				CLANG_WARN_COMMA = YES;
				CLANG_WARN_CONSTANT_CONVERSION = YES;
				CLANG_WARN_DEPRECATED_OBJC_IMPLEMENTATIONS = YES;
				CLANG_WARN_DIRECT_OBJC_ISA_USAGE = YES_ERROR;
				CLANG_WARN_DOCUMENTATION_COMMENTS = YES;
				CLANG_WARN_EMPTY_BODY = YES;
				CLANG_WARN_ENUM_CONVERSION = YES;
				CLANG_WARN_INFINITE_RECURSION = YES;
				CLANG_WARN_INT_CONVERSION = YES;
				CLANG_WARN_NON_LITERAL_NULL_CONVERSION = YES;
				CLANG_WARN_OBJC_IMPLICIT_RETAIN_SELF = YES;
				CLANG_WARN_OBJC_LITERAL_CONVERSION = YES;
				CLANG_WARN_OBJC_ROOT_CLASS = YES_ERROR;
				CLANG_WARN_QUOTED_INCLUDE_IN_FRAMEWORK_HEADER = YES;
				CLANG_WARN_RANGE_LOOP_ANALYSIS = YES;
				CLANG_WARN_STRICT_PROTOTYPES = YES;
				CLANG_WARN_SUSPICIOUS_MOVE = YES;
				CLANG_WARN_UNGUARDED_AVAILABILITY = YES_AGGRESSIVE;
				CLANG_WARN_UNREACHABLE_CODE = YES;
				CLANG_WARN__DUPLICATE_METHOD_MATCH = YES;
				COPY_PHASE_STRIP = NO;
				DEBUG_INFORMATION_FORMAT = "dwarf-with-dsym";
				ENABLE_NS_ASSERTIONS = NO;
				ENABLE_STRICT_OBJC_MSGSEND = YES;
				GCC_C_LANGUAGE_STANDARD = gnu11;
				GCC_NO_COMMON_BLOCKS = YES;
				GCC_WARN_64_TO_32_BIT_CONVERSION = YES;
				GCC_WARN_ABOUT_RETURN_TYPE = YES_ERROR;
				GCC_WARN_UNDECLARED_SELECTOR = YES;
				GCC_WARN_UNINITIALIZED_AUTOS = YES_AGGRESSIVE;
				GCC_WARN_UNUSED_FUNCTION = YES;
				GCC_WARN_UNUSED_VARIABLE = YES;
				IPHONEOS_DEPLOYMENT_TARGET = 14.4;
				MTL_ENABLE_DEBUG_INFO = NO;
				MTL_FAST_MATH = YES;
				SDKROOT = iphoneos;
				SWIFT_COMPILATION_MODE = wholemodule;
				SWIFT_OPTIMIZATION_LEVEL = "-O";
				VALIDATE_PRODUCT = YES;
			};
			name = Release;
		};
		AFFB529825F2843E00AC950B /* Debug */ = {
			isa = XCBuildConfiguration;
			buildSettings = {
				ASSETCATALOG_COMPILER_APPICON_NAME = AppIcon;
				ASSETCATALOG_COMPILER_GLOBAL_ACCENT_COLOR_NAME = AccentColor;
				CODE_SIGN_STYLE = Automatic;
				DEVELOPMENT_TEAM = XN2L657BL7;
				INFOPLIST_FILE = JDApp/Info.plist;
				LD_RUNPATH_SEARCH_PATHS = (
					"$(inherited)",
					"@executable_path/Frameworks",
				);
				PRODUCT_BUNDLE_IDENTIFIER = com.chris.JDApp;
				PRODUCT_NAME = "$(TARGET_NAME)";
				SWIFT_VERSION = 5.0;
				TARGETED_DEVICE_FAMILY = 1;
			};
			name = Debug;
		};
		AFFB529925F2843E00AC950B /* Release */ = {
			isa = XCBuildConfiguration;
			buildSettings = {
				ASSETCATALOG_COMPILER_APPICON_NAME = AppIcon;
				ASSETCATALOG_COMPILER_GLOBAL_ACCENT_COLOR_NAME = AccentColor;
				CODE_SIGN_STYLE = Automatic;
				DEVELOPMENT_TEAM = XN2L657BL7;
				INFOPLIST_FILE = JDApp/Info.plist;
				LD_RUNPATH_SEARCH_PATHS = (
					"$(inherited)",
					"@executable_path/Frameworks",
				);
				PRODUCT_BUNDLE_IDENTIFIER = com.chris.JDApp;
				PRODUCT_NAME = "$(TARGET_NAME)";
				SWIFT_VERSION = 5.0;
				TARGETED_DEVICE_FAMILY = 1;
			};
			name = Release;
		};
/* End XCBuildConfiguration section */

/* Begin XCConfigurationList section */
		AFFB527E25F2843D00AC950B /* Build configuration list for PBXProject "JdApp" */ = {
			isa = XCConfigurationList;
			buildConfigurations = (
				AFFB529525F2843E00AC950B /* Debug */,
				AFFB529625F2843E00AC950B /* Release */,
			);
			defaultConfigurationIsVisible = 0;
			defaultConfigurationName = Release;
		};
		AFFB529725F2843E00AC950B /* Build configuration list for PBXNativeTarget "JDApp" */ = {
			isa = XCConfigurationList;
			buildConfigurations = (
				AFFB529825F2843E00AC950B /* Debug */,
				AFFB529925F2843E00AC950B /* Release */,
			);
			defaultConfigurationIsVisible = 0;
			defaultConfigurationName = Release;
		};
/* End XCConfigurationList section */

/* Begin XCSwiftPackageProductDependency section */
		83AAA11F25FF701F009DD113 /* CircleProgressView */ = {
			isa = XCSwiftPackageProductDependency;
			productName = CircleProgressView;
		};
/* End XCSwiftPackageProductDependency section */
	};
	rootObject = AFFB527B25F2843D00AC950B /* Project object */;
}
